
Microsoft Visual Studio Solution File, Format Version 12.00
# Visual Studio Version 16
VisualStudioVersion = 16.0.31424.327
MinimumVisualStudioVersion = 10.0.40219.1
Project("{9A19103F-16F7-4668-BE54-9A1E7A4F7556}") = "DependencyInjectionDemo", "DependencyInjectionDemo\DependencyInjectionDemo.csproj", "{9525223F-F4DA-4330-9146-606F9B0553F6}"
EndProject
Global
	GlobalSection(SolutionConfigurationPlatforms) = preSolution
		Debug|Any CPU = Debug|Any CPU
		Release|Any CPU = Release|Any CPU
	EndGlobalSection
	GlobalSection(ProjectConfigurationPlatforms) = postSolution
		{9525223F-F4DA-4330-9146-606F9B0553F6}.Debug|Any CPU.ActiveCfg = Debug|Any CPU
		{9525223F-F4DA-4330-9146-606F9B0553F6}.Debug|Any CPU.Build.0 = Debug|Any CPU
		{9525223F-F4DA-4330-9146-606F9B0553F6}.Release|Any CPU.ActiveCfg = Release|Any CPU
		{9525223F-F4DA-4330-9146-606F9B0553F6}.Release|Any CPU.Build.0 = Release|Any CPU
	EndGlobalSection
	GlobalSection(SolutionProperties) = preSolution
		HideSolutionNode = FALSE
	EndGlobalSection
	GlobalSection(ExtensibilityGlobals) = postSolution
		SolutionGuid = {464DB6F0-2C91-4DE5-8CC4-B33DD7427135}
	EndGlobalSection
EndGlobal
